Microsoft Visual Studio Solution File, Format Version 12.00
# Visual Studio Version 17
VisualStudioVersion = 17.5.2.0
MinimumVisualStudioVersion = 10.0.40219.1
Project("{2150E333-8FDC-42A3-9474-1A3956D46DE8}") = "Cafetera", "Cafetera", "{BC5FBA4A-DC79-B3D9-B581-34D323C332BE}"
EndProject
Project("{2150E333-8FDC-42A3-9474-1A3956D46DE8}") = "CuentaBancaria", "CuentaBancaria", "{61883EAD-2AE8-DB83-031C-B57935CFCABD}"
EndProject
Project("{2150E333-8FDC-42A3-9474-1A3956D46DE8}") = "Listas", "Listas", "{3FD007F4-BEFC-C140-8071-C793B27FB749}"
EndProject
Project("{2150E333-8FDC-42A3-9474-1A3956D46DE8}") = "Motocicleta", "Motocicleta", "{C23B3751-0E56-8A98-3958-A0C8EBE0BBB1}"
EndProject
Project("{2150E333-8FDC-42A3-9474-1A3956D46DE8}") = "Youtube", "Youtube", "{7573E4A4-6689-7319-7328-FBF17DC2301E}"
EndProject
Project("{FAE04EC0-301F-11D3-BF4B-00C04F79EFBC}") = "Biblioteca", "Cafetera\Biblioteca\Biblioteca.csproj", "{5F51DC31-6E02-82EC-E215-A913EC9EED83}"
EndProject
Project("{FAE04EC0-301F-11D3-BF4B-00C04F79EFBC}") = "Consola", "Cafetera\Consola\Consola.csproj", "{EB1338DA-8CF2-2927-023A-CBDE2D8C8608}"
EndProject
Project("{FAE04EC0-301F-11D3-BF4B-00C04F79EFBC}") = "Biblioteca", "CuentaBancaria\Biblioteca\Biblioteca.csproj", "{DA852565-ACC4-FB24-69E3-973A8F8D61B0}"
EndProject
Project("{FAE04EC0-301F-11D3-BF4B-00C04F79EFBC}") = "Consola", "CuentaBancaria\Consola\Consola.csproj", "{18E52BCE-2C67-C0D6-CDC5-C23E3B2111BE}"
EndProject
Project("{FAE04EC0-301F-11D3-BF4B-00C04F79EFBC}") = "Biblioteca", "Listas\Biblioteca\Biblioteca.csproj", "{8443F8BB-F025-76AF-557E-7806E3627C0F}"
EndProject
Project("{FAE04EC0-301F-11D3-BF4B-00C04F79EFBC}") = "Consola", "Listas\Consola\Consola.csproj", "{89102E81-06A8-D71E-E3B2-D25D68502039}"
EndProject
Project("{FAE04EC0-301F-11D3-BF4B-00C04F79EFBC}") = "Biblioteca", "Motocicleta\Biblioteca\Biblioteca.csproj", "{21EE95DC-E4FC-7C0A-A5BB-19E462705AF0}"
EndProject
Project("{FAE04EC0-301F-11D3-BF4B-00C04F79EFBC}") = "Consola", "Motocicleta\Consola\Consola.csproj", "{BF18EE3A-D45D-2B80-0F18-FBC35159FB8A}"
EndProject
Project("{FAE04EC0-301F-11D3-BF4B-00C04F79EFBC}") = "Biblioteca", "Youtube\Biblioteca\Biblioteca.csproj", "{64385B03-947B-2318-0E76-503400278B93}"
EndProject
Project("{FAE04EC0-301F-11D3-BF4B-00C04F79EFBC}") = "Consola", "Youtube\Consola\Consola.csproj", "{E1B3EFE3-E96B-42AF-E760-88DCD2E94673}"
EndProject
Global
	GlobalSection(SolutionConfigurationPlatforms) = preSolution
		Debug|Any CPU = Debug|Any CPU
		Release|Any CPU = Release|Any CPU
	EndGlobalSection
	GlobalSection(ProjectConfigurationPlatforms) = postSolution
		{5F51DC31-6E02-82EC-E215-A913EC9EED83}.Debug|Any CPU.ActiveCfg = Debug|Any CPU
		{5F51DC31-6E02-82EC-E215-A913EC9EED83}.Debug|Any CPU.Build.0 = Debug|Any CPU
		{5F51DC31-6E02-82EC-E215-A913EC9EED83}.Release|Any CPU.ActiveCfg = Release|Any CPU
		{5F51DC31-6E02-82EC-E215-A913EC9EED83}.Release|Any CPU.Build.0 = Release|Any CPU
		{EB1338DA-8CF2-2927-023A-CBDE2D8C8608}.Debug|Any CPU.ActiveCfg = Debug|Any CPU
		{EB1338DA-8CF2-2927-023A-CBDE2D8C8608}.Debug|Any CPU.Build.0 = Debug|Any CPU
		{EB1338DA-8CF2-2927-023A-CBDE2D8C8608}.Release|Any CPU.ActiveCfg = Release|Any CPU
		{EB1338DA-8CF2-2927-023A-CBDE2D8C8608}.Release|Any CPU.Build.0 = Release|Any CPU
		{DA852565-ACC4-FB24-69E3-973A8F8D61B0}.Debug|Any CPU.ActiveCfg = Debug|Any CPU
		{DA852565-ACC4-FB24-69E3-973A8F8D61B0}.Debug|Any CPU.Build.0 = Debug|Any CPU
		{DA852565-ACC4-FB24-69E3-973A8F8D61B0}.Release|Any CPU.ActiveCfg = Release|Any CPU
		{DA852565-ACC4-FB24-69E3-973A8F8D61B0}.Release|Any CPU.Build.0 = Release|Any CPU
		{18E52BCE-2C67-C0D6-CDC5-C23E3B2111BE}.Debug|Any CPU.ActiveCfg = Debug|Any CPU
		{18E52BCE-2C67-C0D6-CDC5-C23E3B2111BE}.Debug|Any CPU.Build.0 = Debug|Any CPU
		{18E52BCE-2C67-C0D6-CDC5-C23E3B2111BE}.Release|Any CPU.ActiveCfg = Release|Any CPU
		{18E52BCE-2C67-C0D6-CDC5-C23E3B2111BE}.Release|Any CPU.Build.0 = Release|Any CPU
		{8443F8BB-F025-76AF-557E-7806E3627C0F}.Debug|Any CPU.ActiveCfg = Debug|Any CPU
		{8443F8BB-F025-76AF-557E-7806E3627C0F}.Debug|Any CPU.Build.0 = Debug|Any CPU
		{8443F8BB-F025-76AF-557E-7806E3627C0F}.Release|Any CPU.ActiveCfg = Release|Any CPU
		{8443F8BB-F025-76AF-557E-7806E3627C0F}.Release|Any CPU.Build.0 = Release|Any CPU
		{89102E81-06A8-D71E-E3B2-D25D68502039}.Debug|Any CPU.ActiveCfg = Debug|Any CPU
		{89102E81-06A8-D71E-E3B2-D25D68502039}.Debug|Any CPU.Build.0 = Debug|Any CPU
		{89102E81-06A8-D71E-E3B2-D25D68502039}.Release|Any CPU.ActiveCfg = Release|Any CPU
		{89102E81-06A8-D71E-E3B2-D25D68502039}.Release|Any CPU.Build.0 = Release|Any CPU
		{21EE95DC-E4FC-7C0A-A5BB-19E462705AF0}.Debug|Any CPU.ActiveCfg = Debug|Any CPU
		{21EE95DC-E4FC-7C0A-A5BB-19E462705AF0}.Debug|Any CPU.Build.0 = Debug|Any CPU
		{21EE95DC-E4FC-7C0A-A5BB-19E462705AF0}.Release|Any CPU.ActiveCfg = Release|Any CPU
		{21EE95DC-E4FC-7C0A-A5BB-19E462705AF0}.Release|Any CPU.Build.0 = Release|Any CPU
		{BF18EE3A-D45D-2B80-0F18-FBC35159FB8A}.Debug|Any CPU.ActiveCfg = Debug|Any CPU
		{BF18EE3A-D45D-2B80-0F18-FBC35159FB8A}.Debug|Any CPU.Build.0 = Debug|Any CPU
		{BF18EE3A-D45D-2B80-0F18-FBC35159FB8A}.Release|Any CPU.ActiveCfg = Release|Any CPU
		{BF18EE3A-D45D-2B80-0F18-FBC35159FB8A}.Release|Any CPU.Build.0 = Release|Any CPU
		{64385B03-947B-2318-0E76-503400278B93}.Debug|Any CPU.ActiveCfg = Debug|Any CPU
		{64385B03-947B-2318-0E76-503400278B93}.Debug|Any CPU.Build.0 = Debug|Any CPU
		{64385B03-947B-2318-0E76-503400278B93}.Release|Any CPU.ActiveCfg = Release|Any CPU
		{64385B03-947B-2318-0E76-503400278B93}.Release|Any CPU.Build.0 = Release|Any CPU
		{E1B3EFE3-E96B-42AF-E760-88DCD2E94673}.Debug|Any CPU.ActiveCfg = Debug|Any CPU
		{E1B3EFE3-E96B-42AF-E760-88DCD2E94673}.Debug|Any CPU.Build.0 = Debug|Any CPU
		{E1B3EFE3-E96B-42AF-E760-88DCD2E94673}.Release|Any CPU.ActiveCfg = Release|Any CPU
		{E1B3EFE3-E96B-42AF-E760-88DCD2E94673}.Release|Any CPU.Build.0 = Release|Any CPU
	EndGlobalSection
	GlobalSection(SolutionProperties) = preSolution
		HideSolutionNode = FALSE
	EndGlobalSection
	GlobalSection(NestedProjects) = preSolution
		{5F51DC31-6E02-82EC-E215-A913EC9EED83} = {BC5FBA4A-DC79-B3D9-B581-34D323C332BE}
		{EB1338DA-8CF2-2927-023A-CBDE2D8C8608} = {BC5FBA4A-DC79-B3D9-B581-34D323C332BE}
		{DA852565-ACC4-FB24-69E3-973A8F8D61B0} = {61883EAD-2AE8-DB83-031C-B57935CFCABD}
		{18E52BCE-2C67-C0D6-CDC5-C23E3B2111BE} = {61883EAD-2AE8-DB83-031C-B57935CFCABD}
		{8443F8BB-F025-76AF-557E-7806E3627C0F} = {3FD007F4-BEFC-C140-8071-C793B27FB749}
		{89102E81-06A8-D71E-E3B2-D25D68502039} = {3FD007F4-BEFC-C140-8071-C793B27FB749}
		{21EE95DC-E4FC-7C0A-A5BB-19E462705AF0} = {C23B3751-0E56-8A98-3958-A0C8EBE0BBB1}
		{BF18EE3A-D45D-2B80-0F18-FBC35159FB8A} = {C23B3751-0E56-8A98-3958-A0C8EBE0BBB1}
		{64385B03-947B-2318-0E76-503400278B93} = {7573E4A4-6689-7319-7328-FBF17DC2301E}
		{E1B3EFE3-E96B-42AF-E760-88DCD2E94673} = {7573E4A4-6689-7319-7328-FBF17DC2301E}
	EndGlobalSection
	GlobalSection(ExtensibilityGlobals) = postSolution
		SolutionGuid = {9818BECB-F104-4015-B54D-64047054E259}
	EndGlobalSection
EndGlobal
